<?xml version="1.0" encoding="UTF-8" standalone="yes" ?>
<CodeBlocks_project_file>
	<FileVersion major="1" minor="6" />
	<Project>
		<Option title="Raster_medina" />
		<Option makefile="Makefile.linux" />
		<Option makefile_is_custom="1" />
		<Option execution_dir="../Template" />
		<Option pch_mode="2" />
		<Option compiler="gcc" />
		<Build>
			<Target title="Release">
				<Option output="./cg" prefix_auto="1" extension_auto="1" />
				<Option object_output="./" />
				<Option type="1" />
				<Option compiler="gcc" />
				<Compiler>
					<Add option="-O2" />
				</Compiler>
				<Linker>
					<Add option="-s" />
				</Linker>
				<MakeCommands>
					<Build command="$make -f $makefile all" />
					<CompileFile command="$make -f $makefile $file" />
					<Clean command="$make -f $makefile clean" />
					<DistClean command="$make -f $makefile distclean$target" />
					<AskRebuildNeeded command="$make -q -f $makefile $target" />
					<SilentBuild command="$make -f $makefile all &gt; $(CMD_NULL)" />
				</MakeCommands>
			</Target>
		</Build>
		<Compiler>
			<Add option="-Wall" />
		</Compiler>
		<Unit filename="Makefile.linux" />
		<Unit filename="Makefile.mac" />
		<Unit filename="Makefile.win32" />
		<Unit filename="Raster_medina.layout" />
		<Unit filename="build.bat" />
		<Unit filename="build.sh" />
		<Unit filename="cg" />
		<Unit filename="clean.bat" />
		<Unit filename="clean.sh" />
		<Unit filename="data/models/obj/knight.obj" />
		<Unit filename="data/models/obj/knight_normales.obj" />
		<Unit filename="data/models/obj/knight_texturas.obj" />
		<Unit filename="framework/canvas.c">
			<Option compilerVar="CC" />
		</Unit>
		<Unit filename="framework/canvas.h" />
		<Unit filename="framework/canvas.o" />
		<Unit filename="framework/color.c">
			<Option compilerVar="CC" />
		</Unit>
		<Unit filename="framework/color.h" />
		<Unit filename="framework/color.o" />
		<Unit filename="framework/mm.c">
			<Option compilerVar="CC" />
		</Unit>
		<Unit filename="framework/mm.h" />
		<Unit filename="framework/mm.o" />
		<Unit filename="main/main.c">
			<Option compilerVar="CC" />
		</Unit>
		<Unit filename="main/main.o" />
		<Unit filename="readme.txt" />
		<Unit filename="run.bat" />
		<Unit filename="run.sh" />
		<Unit filename="structs/Obj.c">
			<Option compilerVar="CC" />
		</Unit>
		<Unit filename="structs/Obj.h" />
		<Unit filename="structs/Obj.o" />
		<Extensions>
			<code_completion />
			<debugger />
		</Extensions>
	</Project>
</CodeBlocks_project_file>
